Microsoft Visual Studio Solution File, Format Version 11.00
# Visual Studio 2008

Project("{2C341E0F-1F67-9D21-23BF-53DE4A42EDE6}") = "Studienleistung", "Assembly-CSharp.csproj", "{8AA8481B-16C4-8891-3C97-2BD23D1B85B9}"
EndProject
Global
	GlobalSection(SolutionConfigurationPlatforms) = preSolution
		Debug|Any CPU = Debug|Any CPU
		Release|Any CPU = Release|Any CPU
	EndGlobalSection
	GlobalSection(ProjectConfigurationPlatforms) = postSolution
		{8AA8481B-16C4-8891-3C97-2BD23D1B85B9}.Debug|Any CPU.ActiveCfg = Debug|Any CPU
		{8AA8481B-16C4-8891-3C97-2BD23D1B85B9}.Debug|Any CPU.Build.0 = Debug|Any CPU
		{8AA8481B-16C4-8891-3C97-2BD23D1B85B9}.Release|Any CPU.ActiveCfg = Release|Any CPU
		{8AA8481B-16C4-8891-3C97-2BD23D1B85B9}.Release|Any CPU.Build.0 = Release|Any CPU
	EndGlobalSection
	GlobalSection(SolutionProperties) = preSolution
		HideSolutionNode = FALSE
	EndGlobalSection
	GlobalSection(MonoDevelopProperties) = preSolution
		StartupItem = Assembly-CSharp.csproj
	EndGlobalSection
EndGlobal
